schema: '2.0'
stages:
  data_ingestion:
    cmd: python src/data_ingestion.py
    deps:
    - path: src/data_ingestion.py
      hash: md5
      md5: a2180d4a734052c8b7ed0a44427ffaed
      size: 3538
    params:
      params.yaml:
        data_ingestion.test_size: 0.2
    outs:
    - path: data/raw
      hash: md5
      md5: 6a4d11ab83c20d7412f4696595c0b4d1.dir
      size: 479272
      nfiles: 2
  data_preprocessing:
    cmd: python src/data_preprocessing.py
    deps:
    - path: data/raw
      hash: md5
      md5: 6a4d11ab83c20d7412f4696595c0b4d1.dir
      size: 479272
      nfiles: 2
    - path: src/data_preprocessing.py
      hash: md5
      md5: 8ef367233b023d0fbb88be727059a2a3
      size: 3869
    outs:
    - path: data/interim
      hash: md5
      md5: d3f80ea917209a657caed01201ee2780.dir
      size: 254818
      nfiles: 2
  feature_engineering:
    cmd: python src/feature_engineering.py
    deps:
    - path: data/interim
      hash: md5
      md5: d3f80ea917209a657caed01201ee2780.dir
      size: 254818
      nfiles: 2
    - path: src/feature_engineering.py
      hash: md5
      md5: 55c838f8b9b24bdf96f0bf4a576fbf73
      size: 3798
    params:
      params.yaml:
        feature_engineering.max_features: 51
    outs:
    - path: data/processed
      hash: md5
      md5: 54503f41aa026c97a57d699cc693fc3e.dir
      size: 1197213
      nfiles: 2
  model_building:
    cmd: python src/model_building.py
    deps:
    - path: data/processed
      hash: md5
      md5: 54503f41aa026c97a57d699cc693fc3e.dir
      size: 1197213
      nfiles: 2
    - path: src/model_building.py
      hash: md5
      md5: 433d8f12091fe6c74053109aa77f4bb9
      size: 4346
    params:
      params.yaml:
        model_building.n_estimators: 20
        model_building.random_state: 2
    outs:
    - path: models/model.pkl
      hash: md5
      md5: 5a4ff40bd208fea4ff87562aa89ba2ad
      size: 951541
  model_evaluation:
    cmd: python src/model_evaluation.py
    deps:
    - path: models/model.pkl
      hash: md5
      md5: 5a4ff40bd208fea4ff87562aa89ba2ad
      size: 951541
    - path: src/model_evaluation.py
      hash: md5
      md5: bf60eaf2749cbc691b82e3142a9ce927
      size: 4514
    outs:
    - path: reports/metrics.json
      hash: md5
      md5: 47fec320950d31f9519860f662b1c35c
      size: 126
